// !$*UTF8*$!
{
	archiveVersion = 1;
	classes = {
	};
	objectVersion = 56;
	objects = {

/* Begin PBXBuildFile section */
		A6CFFB612D6DEFF000697BEA /* TelaInicialApp.swift in Sources */ = {isa = PBXBuildFile; fileRef = A6CFFB602D6DEFF000697BEA /* TelaInicialApp.swift */; };
		A6CFFB632D6DEFF000697BEA /* ContentView.swift in Sources */ = {isa = PBXBuildFile; fileRef = A6CFFB622D6DEFF000697BEA /* ContentView.swift */; };
		A6CFFB652D6DEFF100697BEA /* Assets.xcassets in Resources */ = {isa = PBXBuildFile; fileRef = A6CFFB642D6DEFF100697BEA /* Assets.xcassets */; };
		A6CFFB682D6DEFF100697BEA /* Preview Assets.xcassets in Resources */ = {isa = PBXBuildFile; fileRef = A6CFFB672D6DEFF100697BEA /* Preview Assets.xcassets */; };
		A6CFFB6F2D6DFCDA00697BEA /* InicioView.swift in Sources */ = {isa = PBXBuildFile; fileRef = A6CFFB6E2D6DFCDA00697BEA /* InicioView.swift */; };
		A6CFFB712D6DFDDE00697BEA /* AnaliseView.swift in Sources */ = {isa = PBXBuildFile; fileRef = A6CFFB702D6DFDDE00697BEA /* AnaliseView.swift */; };
		A6CFFB732D6DFE5000697BEA /* FeedBackView.swift in Sources */ = {isa = PBXBuildFile; fileRef = A6CFFB722D6DFE5000697BEA /* FeedBackView.swift */; };
		A6CFFB752D6DFEE500697BEA /* LocalizaView.swift in Sources */ = {isa = PBXBuildFile; fileRef = A6CFFB742D6DFEE500697BEA /* LocalizaView.swift */; };
		A6CFFB772D6DFF5F00697BEA /* InfoView.swift in Sources */ = {isa = PBXBuildFile; fileRef = A6CFFB762D6DFF5F00697BEA /* InfoView.swift */; };
/* End PBXBuildFile section */

/* Begin PBXFileReference section */
		A6CFFB5D2D6DEFF000697BEA /* TelaInicial.app */ = {isa = PBXFileReference; explicitFileType = wrapper.application; includeInIndex = 0; path = TelaInicial.app; sourceTree = BUILT_PRODUCTS_DIR; };
		A6CFFB602D6DEFF000697BEA /* TelaInicialApp.swift */ = {isa = PBXFileReference; lastKnownFileType = sourcecode.swift; path = TelaInicialApp.swift; sourceTree = "<group>"; };
		A6CFFB622D6DEFF000697BEA /* ContentView.swift */ = {isa = PBXFileReference; lastKnownFileType = sourcecode.swift; path = ContentView.swift; sourceTree = "<group>"; };
		A6CFFB642D6DEFF100697BEA /* Assets.xcassets */ = {isa = PBXFileReference; lastKnownFileType = folder.assetcatalog; path = Assets.xcassets; sourceTree = "<group>"; };
		A6CFFB672D6DEFF100697BEA /* Preview Assets.xcassets */ = {isa = PBXFileReference; lastKnownFileType = folder.assetcatalog; path = "Preview Assets.xcassets"; sourceTree = "<group>"; };
		A6CFFB6E2D6DFCDA00697BEA /* InicioView.swift */ = {isa = PBXFileReference; lastKnownFileType = sourcecode.swift; path = InicioView.swift; sourceTree = "<group>"; };
		A6CFFB702D6DFDDE00697BEA /* AnaliseView.swift */ = {isa = PBXFileReference; lastKnownFileType = sourcecode.swift; path = AnaliseView.swift; sourceTree = "<group>"; };
		A6CFFB722D6DFE5000697BEA /* FeedBackView.swift */ = {isa = PBXFileReference; lastKnownFileType = sourcecode.swift; path = FeedBackView.swift; sourceTree = "<group>"; };
		A6CFFB742D6DFEE500697BEA /* LocalizaView.swift */ = {isa = PBXFileReference; lastKnownFileType = sourcecode.swift; path = LocalizaView.swift; sourceTree = "<group>"; };
		A6CFFB762D6DFF5F00697BEA /* InfoView.swift */ = {isa = PBXFileReference; lastKnownFileType = sourcecode.swift; path = InfoView.swift; sourceTree = "<group>"; };
/* End PBXFileReference section */

/* Begin PBXFrameworksBuildPhase section */
		A6CFFB5A2D6DEFF000697BEA /* Frameworks */ = {
			isa = PBXFrameworksBuildPhase;
			buildActionMask = 2147483647;
			files = (
			);
			runOnlyForDeploymentPostprocessing = 0;
		};
/* End PBXFrameworksBuildPhase section */

/* Begin PBXGroup section */
		A6CFFB542D6DEFF000697BEA = {
			isa = PBXGroup;
			children = (
				A6CFFB5F2D6DEFF000697BEA /* TelaInicial */,
				A6CFFB5E2D6DEFF000697BEA /* Products */,
			);
			sourceTree = "<group>";
		};
		A6CFFB5E2D6DEFF000697BEA /* Products */ = {
			isa = PBXGroup;
			children = (
				A6CFFB5D2D6DEFF000697BEA /* TelaInicial.app */,
			);
			name = Products;
			sourceTree = "<group>";
		};
		A6CFFB5F2D6DEFF000697BEA /* TelaInicial */ = {
			isa = PBXGroup;
			children = (
				A6CFFB602D6DEFF000697BEA /* TelaInicialApp.swift */,
				A6CFFB622D6DEFF000697BEA /* ContentView.swift */,
				A6CFFB762D6DFF5F00697BEA /* InfoView.swift */,
				A6CFFB742D6DFEE500697BEA /* LocalizaView.swift */,
				A6CFFB722D6DFE5000697BEA /* FeedBackView.swift */,
				A6CFFB702D6DFDDE00697BEA /* AnaliseView.swift */,
				A6CFFB6E2D6DFCDA00697BEA /* InicioView.swift */,
				A6CFFB642D6DEFF100697BEA /* Assets.xcassets */,
				A6CFFB662D6DEFF100697BEA /* Preview Content */,
			);
			path = TelaInicial;
			sourceTree = "<group>";
		};
		A6CFFB662D6DEFF100697BEA /* Preview Content */ = {
			isa = PBXGroup;
			children = (
				A6CFFB672D6DEFF100697BEA /* Preview Assets.xcassets */,
			);
			path = "Preview Content";
			sourceTree = "<group>";
		};
/* End PBXGroup section */

/* Begin PBXNativeTarget section */
		A6CFFB5C2D6DEFF000697BEA /* TelaInicial */ = {
			isa = PBXNativeTarget;
			buildConfigurationList = A6CFFB6B2D6DEFF100697BEA /* Build configuration list for PBXNativeTarget "TelaInicial" */;
			buildPhases = (
				A6CFFB592D6DEFF000697BEA /* Sources */,
				A6CFFB5A2D6DEFF000697BEA /* Frameworks */,
				A6CFFB5B2D6DEFF000697BEA /* Resources */,
			);
			buildRules = (
			);
			dependencies = (
			);
			name = TelaInicial;
			productName = TelaInicial;
			productReference = A6CFFB5D2D6DEFF000697BEA /* TelaInicial.app */;
			productType = "com.apple.product-type.application";
		};
/* End PBXNativeTarget section */

/* Begin PBXProject section */
		A6CFFB552D6DEFF000697BEA /* Project object */ = {
			isa = PBXProject;
			attributes = {
				BuildIndependentTargetsInParallel = 1;
				LastSwiftUpdateCheck = 1540;
				LastUpgradeCheck = 1540;
				TargetAttributes = {
					A6CFFB5C2D6DEFF000697BEA = {
						CreatedOnToolsVersion = 15.4;
					};
				};
			};
			buildConfigurationList = A6CFFB582D6DEFF000697BEA /* Build configuration list for PBXProject "TelaInicial" */;
			compatibilityVersion = "Xcode 14.0";
			developmentRegion = en;
			hasScannedForEncodings = 0;
			knownRegions = (
				en,
				Base,
			);
			mainGroup = A6CFFB542D6DEFF000697BEA;
			productRefGroup = A6CFFB5E2D6DEFF000697BEA /* Products */;
			projectDirPath = "";
			projectRoot = "";
			targets = (
				A6CFFB5C2D6DEFF000697BEA /* TelaInicial */,
			);
		};
/* End PBXProject section */

/* Begin PBXResourcesBuildPhase section */
		A6CFFB5B2D6DEFF000697BEA /* Resources */ = {
			isa = PBXResourcesBuildPhase;
			buildActionMask = 2147483647;
			files = (
				A6CFFB682D6DEFF100697BEA /* Preview Assets.xcassets in Resources */,
				A6CFFB652D6DEFF100697BEA /* Assets.xcassets in Resources */,
			);
			runOnlyForDeploymentPostprocessing = 0;
		};
/* End PBXResourcesBuildPhase section */

/* Begin PBXSourcesBuildPhase section */
		A6CFFB592D6DEFF000697BEA /* Sources */ = {
			isa = PBXSourcesBuildPhase;
			buildActionMask = 2147483647;
			files = (
				A6CFFB712D6DFDDE00697BEA /* AnaliseView.swift in Sources */,
				A6CFFB632D6DEFF000697BEA /* ContentView.swift in Sources */,
				A6CFFB732D6DFE5000697BEA /* FeedBackView.swift in Sources */,
				A6CFFB6F2D6DFCDA00697BEA /* InicioView.swift in Sources */,
				A6CFFB612D6DEFF000697BEA /* TelaInicialApp.swift in Sources */,
				A6CFFB752D6DFEE500697BEA /* LocalizaView.swift in Sources */,
				A6CFFB772D6DFF5F00697BEA /* InfoView.swift in Sources */,
			);
			runOnlyForDeploymentPostprocessing = 0;
		};
/* End PBXSourcesBuildPhase section */

/* Begin XCBuildConfiguration section */
		A6CFFB692D6DEFF100697BEA /* Debug */ = {
			isa = XCBuildConfiguration;
			buildSettings = {
				ALWAYS_SEARCH_USER_PATHS = NO;
				ASSETCATALOG_COMPILER_GENERATE_SWIFT_ASSET_SYMBOL_EXTENSIONS = YES;
				CLANG_ANALYZER_NONNULL = YES;
				CLANG_ANALYZER_NUMBER_OBJECT_CONVERSION = YES_AGGRESSIVE;
				CLANG_CXX_LANGUAGE_STANDARD = "gnu++20";
				CLANG_ENABLE_MODULES = YES;
				CLANG_ENABLE_OBJC_ARC = YES;
				CLANG_ENABLE_OBJC_WEAK = YES;
				CLANG_WARN_BLOCK_CAPTURE_AUTORELEASING = YES;
				CLANG_WARN_BOOL_CONVERSION = YES;
				CLANG_WARN_COMMA = YES;
				CLANG_WARN_CONSTANT_CONVERSION = YES;
				CLANG_WARN_DEPRECATED_OBJC_IMPLEMENTATIONS = YES;
				CLANG_WARN_DIRECT_OBJC_ISA_USAGE = YES_ERROR;
				CLANG_WARN_DOCUMENTATION_COMMENTS = YES;
				CLANG_WARN_EMPTY_BODY = YES;
				CLANG_WARN_ENUM_CONVERSION = YES;
				CLANG_WARN_INFINITE_RECURSION = YES;
				CLANG_WARN_INT_CONVERSION = YES;
				CLANG_WARN_NON_LITERAL_NULL_CONVERSION = YES;
				CLANG_WARN_OBJC_IMPLICIT_RETAIN_SELF = YES;
				CLANG_WARN_OBJC_LITERAL_CONVERSION = YES;
				CLANG_WARN_OBJC_ROOT_CLASS = YES_ERROR;
				CLANG_WARN_QUOTED_INCLUDE_IN_FRAMEWORK_HEADER = YES;
				CLANG_WARN_RANGE_LOOP_ANALYSIS = YES;
				CLANG_WARN_STRICT_PROTOTYPES = YES;
				CLANG_WARN_SUSPICIOUS_MOVE = YES;
				CLANG_WARN_UNGUARDED_AVAILABILITY = YES_AGGRESSIVE;
				CLANG_WARN_UNREACHABLE_CODE = YES;
				CLANG_WARN__DUPLICATE_METHOD_MATCH = YES;
				COPY_PHASE_STRIP = NO;
				DEBUG_INFORMATION_FORMAT = dwarf;
				ENABLE_STRICT_OBJC_MSGSEND = YES;
				ENABLE_TESTABILITY = YES;
				ENABLE_USER_SCRIPT_SANDBOXING = YES;
				GCC_C_LANGUAGE_STANDARD = gnu17;
				GCC_DYNAMIC_NO_PIC = NO;
				GCC_NO_COMMON_BLOCKS = YES;
				GCC_OPTIMIZATION_LEVEL = 0;
				GCC_PREPROCESSOR_DEFINITIONS = (
					"DEBUG=1",
					"$(inherited)",
				);
				GCC_WARN_64_TO_32_BIT_CONVERSION = YES;
				GCC_WARN_ABOUT_RETURN_TYPE = YES_ERROR;
				GCC_WARN_UNDECLARED_SELECTOR = YES;
				GCC_WARN_UNINITIALIZED_AUTOS = YES_AGGRESSIVE;
				GCC_WARN_UNUSED_FUNCTION = YES;
				GCC_WARN_UNUSED_VARIABLE = YES;
				IPHONEOS_DEPLOYMENT_TARGET = 17.5;
				LOCALIZATION_PREFERS_STRING_CATALOGS = YES;
				MTL_ENABLE_DEBUG_INFO = INCLUDE_SOURCE;
				MTL_FAST_MATH = YES;
				ONLY_ACTIVE_ARCH = YES;
				SDKROOT = iphoneos;
				SWIFT_ACTIVE_COMPILATION_CONDITIONS = "DEBUG $(inherited)";
				SWIFT_OPTIMIZATION_LEVEL = "-Onone";
			};
			name = Debug;
		};
		A6CFFB6A2D6DEFF100697BEA /* Release */ = {
			isa = XCBuildConfiguration;
			buildSettings = {
				ALWAYS_SEARCH_USER_PATHS = NO;
				ASSETCATALOG_COMPILER_GENERATE_SWIFT_ASSET_SYMBOL_EXTENSIONS = YES;
				CLANG_ANALYZER_NONNULL = YES;
				CLANG_ANALYZER_NUMBER_OBJECT_CONVERSION = YES_AGGRESSIVE;
				CLANG_CXX_LANGUAGE_STANDARD = "gnu++20";
				CLANG_ENABLE_MODULES = YES;
				CLANG_ENABLE_OBJC_ARC = YES;
				CLANG_ENABLE_OBJC_WEAK = YES;
				CLANG_WARN_BLOCK_CAPTURE_AUTORELEASING = YES;
				CLANG_WARN_BOOL_CONVERSION = YES;
				CLANG_WARN_COMMA = YES;
				CLANG_WARN_CONSTANT_CONVERSION = YES;
				CLANG_WARN_DEPRECATED_OBJC_IMPLEMENTATIONS = YES;
				CLANG_WARN_DIRECT_OBJC_ISA_USAGE = YES_ERROR;
				CLANG_WARN_DOCUMENTATION_COMMENTS = YES;
				CLANG_WARN_EMPTY_BODY = YES;
				CLANG_WARN_ENUM_CONVERSION = YES;
				CLANG_WARN_INFINITE_RECURSION = YES;
				CLANG_WARN_INT_CONVERSION = YES;
				CLANG_WARN_NON_LITERAL_NULL_CONVERSION = YES;
				CLANG_WARN_OBJC_IMPLICIT_RETAIN_SELF = YES;
				CLANG_WARN_OBJC_LITERAL_CONVERSION = YES;
				CLANG_WARN_OBJC_ROOT_CLASS = YES_ERROR;
				CLANG_WARN_QUOTED_INCLUDE_IN_FRAMEWORK_HEADER = YES;
				CLANG_WARN_RANGE_LOOP_ANALYSIS = YES;
				CLANG_WARN_STRICT_PROTOTYPES = YES;
				CLANG_WARN_SUSPICIOUS_MOVE = YES;
				CLANG_WARN_UNGUARDED_AVAILABILITY = YES_AGGRESSIVE;
				CLANG_WARN_UNREACHABLE_CODE = YES;
				CLANG_WARN__DUPLICATE_METHOD_MATCH = YES;
				COPY_PHASE_STRIP = NO;
				DEBUG_INFORMATION_FORMAT = "dwarf-with-dsym";
				ENABLE_NS_ASSERTIONS = NO;
				ENABLE_STRICT_OBJC_MSGSEND = YES;
				ENABLE_USER_SCRIPT_SANDBOXING = YES;
				GCC_C_LANGUAGE_STANDARD = gnu17;
				GCC_NO_COMMON_BLOCKS = YES;
				GCC_WARN_64_TO_32_BIT_CONVERSION = YES;
				GCC_WARN_ABOUT_RETURN_TYPE = YES_ERROR;
				GCC_WARN_UNDECLARED_SELECTOR = YES;
				GCC_WARN_UNINITIALIZED_AUTOS = YES_AGGRESSIVE;
				GCC_WARN_UNUSED_FUNCTION = YES;
				GCC_WARN_UNUSED_VARIABLE = YES;
				IPHONEOS_DEPLOYMENT_TARGET = 17.5;
				LOCALIZATION_PREFERS_STRING_CATALOGS = YES;
				MTL_ENABLE_DEBUG_INFO = NO;
				MTL_FAST_MATH = YES;
				SDKROOT = iphoneos;
				SWIFT_COMPILATION_MODE = wholemodule;
				VALIDATE_PRODUCT = YES;
			};
			name = Release;
		};
		A6CFFB6C2D6DEFF100697BEA /* Debug */ = {
			isa = XCBuildConfiguration;
			buildSettings = {
				ASSETCATALOG_COMPILER_APPICON_NAME = AppIcon;
				ASSETCATALOG_COMPILER_GLOBAL_ACCENT_COLOR_NAME = AccentColor;
				CODE_SIGN_STYLE = Automatic;
				CURRENT_PROJECT_VERSION = 1;
				DEVELOPMENT_ASSET_PATHS = "\"TelaInicial/Preview Content\"";
				ENABLE_PREVIEWS = YES;
				GENERATE_INFOPLIST_FILE = YES;
				INFOPLIST_KEY_UIApplicationSceneManifest_Generation = YES;
				INFOPLIST_KEY_UIApplicationSupportsIndirectInputEvents = YES;
				INFOPLIST_KEY_UILaunchScreen_Generation = YES;
				INFOPLIST_KEY_UISupportedInterfaceOrientations_iPad = "UIInterfaceOrientationPortrait UIInterfaceOrientationPortraitUpsideDown UIInterfaceOrientationLandscapeLeft UIInterfaceOrientationLandscapeRight";
				INFOPLIST_KEY_UISupportedInterfaceOrientations_iPhone = "UIInterfaceOrientationPortrait UIInterfaceOrientationLandscapeLeft UIInterfaceOrientationLandscapeRight";
				LD_RUNPATH_SEARCH_PATHS = (
					"$(inherited)",
					"@executable_path/Frameworks",
				);
				MARKETING_VERSION = 1.0;
				PRODUCT_BUNDLE_IDENTIFIER = MariaEduarda.TelaInicial;
				PRODUCT_NAME = "$(TARGET_NAME)";
				SWIFT_EMIT_LOC_STRINGS = YES;
				SWIFT_VERSION = 5.0;
				TARGETED_DEVICE_FAMILY = "1,2";
			};
			name = Debug;
		};
		A6CFFB6D2D6DEFF100697BEA /* Release */ = {
			isa = XCBuildConfiguration;
			buildSettings = {
				ASSETCATALOG_COMPILER_APPICON_NAME = AppIcon;
				ASSETCATALOG_COMPILER_GLOBAL_ACCENT_COLOR_NAME = AccentColor;
				CODE_SIGN_STYLE = Automatic;
				CURRENT_PROJECT_VERSION = 1;
				DEVELOPMENT_ASSET_PATHS = "\"TelaInicial/Preview Content\"";
				ENABLE_PREVIEWS = YES;
				GENERATE_INFOPLIST_FILE = YES;
				INFOPLIST_KEY_UIApplicationSceneManifest_Generation = YES;
				INFOPLIST_KEY_UIApplicationSupportsIndirectInputEvents = YES;
				INFOPLIST_KEY_UILaunchScreen_Generation = YES;
				INFOPLIST_KEY_UISupportedInterfaceOrientations_iPad = "UIInterfaceOrientationPortrait UIInterfaceOrientationPortraitUpsideDown UIInterfaceOrientationLandscapeLeft UIInterfaceOrientationLandscapeRight";
				INFOPLIST_KEY_UISupportedInterfaceOrientations_iPhone = "UIInterfaceOrientationPortrait UIInterfaceOrientationLandscapeLeft UIInterfaceOrientationLandscapeRight";
				LD_RUNPATH_SEARCH_PATHS = (
					"$(inherited)",
					"@executable_path/Frameworks",
				);
				MARKETING_VERSION = 1.0;
				PRODUCT_BUNDLE_IDENTIFIER = MariaEduarda.TelaInicial;
				PRODUCT_NAME = "$(TARGET_NAME)";
				SWIFT_EMIT_LOC_STRINGS = YES;
				SWIFT_VERSION = 5.0;
				TARGETED_DEVICE_FAMILY = "1,2";
			};
			name = Release;
		};
/* End XCBuildConfiguration section */

/* Begin XCConfigurationList section */
		A6CFFB582D6DEFF000697BEA /* Build configuration list for PBXProject "TelaInicial" */ = {
			isa = XCConfigurationList;
			buildConfigurations = (
				A6CFFB692D6DEFF100697BEA /* Debug */,
				A6CFFB6A2D6DEFF100697BEA /* Release */,
			);
			defaultConfigurationIsVisible = 0;
			defaultConfigurationName = Release;
		};
		A6CFFB6B2D6DEFF100697BEA /* Build configuration list for PBXNativeTarget "TelaInicial" */ = {
			isa = XCConfigurationList;
			buildConfigurations = (
				A6CFFB6C2D6DEFF100697BEA /* Debug */,
				A6CFFB6D2D6DEFF100697BEA /* Release */,
			);
			defaultConfigurationIsVisible = 0;
			defaultConfigurationName = Release;
		};
/* End XCConfigurationList section */
	};
	rootObject = A6CFFB552D6DEFF000697BEA /* Project object */;
}
